
Microsoft Visual Studio Solution File, Format Version 12.00
# Visual Studio Version 17
VisualStudioVersion = 17.14.36310.24 d17.14
MinimumVisualStudioVersion = 10.0.40219.1
Project("{FAE04EC0-301F-11D3-BF4B-00C04F79EFBC}") = "ApontamentosEtiquetagem", "ApontamentosEtiquetagem\ApontamentosEtiquetagem.csproj", "{1A76FC17-574A-4819-8D5A-27AC136B52CC}"
EndProject
Global
	GlobalSection(SolutionConfigurationPlatforms) = preSolution
		Debug|Any CPU = Debug|Any CPU
		Release|Any CPU = Release|Any CPU
	EndGlobalSection
	GlobalSection(ProjectConfigurationPlatforms) = postSolution
		{1A76FC17-574A-4819-8D5A-27AC136B52CC}.Debug|Any CPU.ActiveCfg = Debug|Any CPU
		{1A76FC17-574A-4819-8D5A-27AC136B52CC}.Debug|Any CPU.Build.0 = Debug|Any CPU
		{1A76FC17-574A-4819-8D5A-27AC136B52CC}.Release|Any CPU.ActiveCfg = Release|Any CPU
		{1A76FC17-574A-4819-8D5A-27AC136B52CC}.Release|Any CPU.Build.0 = Release|Any CPU
	EndGlobalSection
	GlobalSection(SolutionProperties) = preSolution
		HideSolutionNode = FALSE
	EndGlobalSection
	GlobalSection(ExtensibilityGlobals) = postSolution
		SolutionGuid = {651A2A94-02AB-4EE0-ABB6-70CEDBA28DA4}
	EndGlobalSection
EndGlobal
